PODS:
  - MultiplatformBleAdapter (0.1.9)

DEPENDENCIES:
  - MultiplatformBleAdapter (from `https://github.com/below/MultiPlatformBleAdapter`, tag `0.1.9`)

EXTERNAL SOURCES:
  MultiplatformBleAdapter:
    :git: https://github.com/below/MultiPlatformBleAdapter
    :tag: 0.1.9

CHECKOUT OPTIONS:
  MultiplatformBleAdapter:
    :git: https://github.com/below/MultiPlatformBleAdapter
    :tag: 0.1.9

SPEC CHECKSUMS:
  MultiplatformBleAdapter: 5a6a897b006764392f9cef785e4360f54fb9477d

PODFILE CHECKSUM: 45a7c1814290b5b538ebf9cc6a97b042aaff486a

COCOAPODS: 1.11.0
